// !$*UTF8*$!
{
	archiveVersion = 1;
	classes = {
	};
	objectVersion = 77;
	objects = {

/* Begin PBXFileReference section */
		BB627E9D2CC2A2CD00EC3E0C /* readme.md */ = {isa = PBXFileReference; lastKnownFileType = net.daringfireball.markdown; path = readme.md; sourceTree = "<group>"; };
/* End PBXFileReference section */

/* Begin PBXFileSystemSynchronizedRootGroup section */
		BB1D729E2CCA871800C8008E /* pg de contato */ = {
			isa = PBXFileSystemSynchronizedRootGroup;
			path = "pg de contato";
			sourceTree = "<group>";
		};
		BB627E9B2CC1A49C00EC3E0C /* aula 1710 */ = {
			isa = PBXFileSystemSynchronizedRootGroup;
			path = "aula 1710";
			sourceTree = "<group>";
		};
/* End PBXFileSystemSynchronizedRootGroup section */

/* Begin PBXGroup section */
		BB627E942CC1A49500EC3E0C = {
			isa = PBXGroup;
			children = (
				BB627E9D2CC2A2CD00EC3E0C /* readme.md */,
				BB1D729E2CCA871800C8008E /* pg de contato */,
				BB627E9B2CC1A49C00EC3E0C /* aula 1710 */,
			);
			sourceTree = "<group>";
		};
/* End PBXGroup section */

/* Begin PBXProject section */
		BB627E952CC1A49500EC3E0C /* Project object */ = {
			isa = PBXProject;
			attributes = {
				BuildIndependentTargetsInParallel = 1;
				LastUpgradeCheck = 1600;
			};
			buildConfigurationList = BB627E982CC1A49500EC3E0C /* Build configuration list for PBXProject "aulasexercicios" */;
			developmentRegion = en;
			hasScannedForEncodings = 0;
			knownRegions = (
				en,
				Base,
			);
			mainGroup = BB627E942CC1A49500EC3E0C;
			minimizedProjectReferenceProxies = 1;
			preferredProjectObjectVersion = 77;
			projectDirPath = "";
			projectRoot = "";
			targets = (
			);
		};
/* End PBXProject section */

/* Begin XCBuildConfiguration section */
		BB627E992CC1A49500EC3E0C /* Debug */ = {
			isa = XCBuildConfiguration;
			buildSettings = {
			};
			name = Debug;
		};
		BB627E9A2CC1A49500EC3E0C /* Release */ = {
			isa = XCBuildConfiguration;
			buildSettings = {
			};
			name = Release;
		};
/* End XCBuildConfiguration section */

/* Begin XCConfigurationList section */
		BB627E982CC1A49500EC3E0C /* Build configuration list for PBXProject "aulasexercicios" */ = {
			isa = XCConfigurationList;
			buildConfigurations = (
				BB627E992CC1A49500EC3E0C /* Debug */,
				BB627E9A2CC1A49500EC3E0C /* Release */,
			);
			defaultConfigurationIsVisible = 0;
			defaultConfigurationName = Release;
		};
/* End XCConfigurationList section */
	};
	rootObject = BB627E952CC1A49500EC3E0C /* Project object */;
}
